// !$*UTF8*$!
{
	archiveVersion = 1;
	classes = {
	};
	objectVersion = 48;
	objects = {

/* Begin PBXBuildFile section */
		E135774BC7F46711D1EC6F1B /* Pods_Smack.framework in Frameworks */ = {isa = PBXBuildFile; fileRef = D1659BB7E0F6F322A23B4C4E /* Pods_Smack.framework */; };
		FF3B26DF1FF4582700AA026B /* GradientView.swift in Sources */ = {isa = PBXBuildFile; fileRef = FF3B26DE1FF4582700AA026B /* GradientView.swift */; };
		FF3B26E21FF46AE100AA026B /* Constants.swift in Sources */ = {isa = PBXBuildFile; fileRef = FF3B26E11FF46AE100AA026B /* Constants.swift */; };
		FF3B26E61FF533A400AA026B /* LoginVC.swift in Sources */ = {isa = PBXBuildFile; fileRef = FF3B26E51FF533A400AA026B /* LoginVC.swift */; };
		FF3B26E81FF5387C00AA026B /* SignUpVC.swift in Sources */ = {isa = PBXBuildFile; fileRef = FF3B26E71FF5387C00AA026B /* SignUpVC.swift */; };
		FF3B26EA1FF53C2E00AA026B /* CustomButton.swift in Sources */ = {isa = PBXBuildFile; fileRef = FF3B26E91FF53C2E00AA026B /* CustomButton.swift */; };
		FF3B26EC1FF53D8300AA026B /* CustomTextFIeld.swift in Sources */ = {isa = PBXBuildFile; fileRef = FF3B26EB1FF53D8300AA026B /* CustomTextFIeld.swift */; };
		FF3B26EF1FF5813700AA026B /* AuthService.swift in Sources */ = {isa = PBXBuildFile; fileRef = FF3B26EE1FF5813700AA026B /* AuthService.swift */; };
		FF40AD9D1FF4295F00B53C98 /* AppDelegate.swift in Sources */ = {isa = PBXBuildFile; fileRef = FF40AD9C1FF4295F00B53C98 /* AppDelegate.swift */; };
		FF40ADA21FF4295F00B53C98 /* Main.storyboard in Resources */ = {isa = PBXBuildFile; fileRef = FF40ADA01FF4295F00B53C98 /* Main.storyboard */; };
		FF40ADA41FF4295F00B53C98 /* Assets.xcassets in Resources */ = {isa = PBXBuildFile; fileRef = FF40ADA31FF4295F00B53C98 /* Assets.xcassets */; };
		FF40ADA71FF4295F00B53C98 /* LaunchScreen.storyboard in Resources */ = {isa = PBXBuildFile; fileRef = FF40ADA51FF4295F00B53C98 /* LaunchScreen.storyboard */; };
		FF40ADB21FF42FDA00B53C98 /* SWRevealViewController.m in Sources */ = {isa = PBXBuildFile; fileRef = FF40ADB11FF42FDA00B53C98 /* SWRevealViewController.m */; };
		FF40ADB71FF439BA00B53C98 /* ChatVC.swift in Sources */ = {isa = PBXBuildFile; fileRef = FF40ADB61FF439BA00B53C98 /* ChatVC.swift */; };
		FF40ADB91FF439D000B53C98 /* ChannelVC.swift in Sources */ = {isa = PBXBuildFile; fileRef = FF40ADB81FF439D000B53C98 /* ChannelVC.swift */; };
		FF7A33CB1FFD6A28009A0F4E /* UserDataService.swift in Sources */ = {isa = PBXBuildFile; fileRef = FF7A33CA1FFD6A28009A0F4E /* UserDataService.swift */; };
		FF7A33CD1FFD92B7009A0F4E /* AvatarPickerVC.swift in Sources */ = {isa = PBXBuildFile; fileRef = FF7A33CC1FFD92B7009A0F4E /* AvatarPickerVC.swift */; };
		FF7A33CF1FFD9675009A0F4E /* AvatarCell.swift in Sources */ = {isa = PBXBuildFile; fileRef = FF7A33CE1FFD9675009A0F4E /* AvatarCell.swift */; };
		FF7A33D11FFEDF90009A0F4E /* CircleImage.swift in Sources */ = {isa = PBXBuildFile; fileRef = FF7A33D01FFEDF90009A0F4E /* CircleImage.swift */; };
/* End PBXBuildFile section */

/* Begin PBXFileReference section */
		3FD520F0EC596D15221EE00E /* Pods-Smack.debug.xcconfig */ = {isa = PBXFileReference; includeInIndex = 1; lastKnownFileType = text.xcconfig; name = "Pods-Smack.debug.xcconfig"; path = "Pods/Target Support Files/Pods-Smack/Pods-Smack.debug.xcconfig"; sourceTree = "<group>"; };
		6C8B1847DE6672584D963674 /* Pods-Smack.release.xcconfig */ = {isa = PBXFileReference; includeInIndex = 1; lastKnownFileType = text.xcconfig; name = "Pods-Smack.release.xcconfig"; path = "Pods/Target Support Files/Pods-Smack/Pods-Smack.release.xcconfig"; sourceTree = "<group>"; };
		D1659BB7E0F6F322A23B4C4E /* Pods_Smack.framework */ = {isa = PBXFileReference; explicitFileType = wrapper.framework; includeInIndex = 0; path = Pods_Smack.framework; sourceTree = BUILT_PRODUCTS_DIR; };
		FF3B26DE1FF4582700AA026B /* GradientView.swift */ = {isa = PBXFileReference; lastKnownFileType = sourcecode.swift; path = GradientView.swift; sourceTree = "<group>"; };
		FF3B26E11FF46AE100AA026B /* Constants.swift */ = {isa = PBXFileReference; lastKnownFileType = sourcecode.swift; path = Constants.swift; sourceTree = "<group>"; };
		FF3B26E51FF533A400AA026B /* LoginVC.swift */ = {isa = PBXFileReference; lastKnownFileType = sourcecode.swift; path = LoginVC.swift; sourceTree = "<group>"; };
		FF3B26E71FF5387C00AA026B /* SignUpVC.swift */ = {isa = PBXFileReference; lastKnownFileType = sourcecode.swift; path = SignUpVC.swift; sourceTree = "<group>"; };
		FF3B26E91FF53C2E00AA026B /* CustomButton.swift */ = {isa = PBXFileReference; lastKnownFileType = sourcecode.swift; path = CustomButton.swift; sourceTree = "<group>"; };
		FF3B26EB1FF53D8300AA026B /* CustomTextFIeld.swift */ = {isa = PBXFileReference; lastKnownFileType = sourcecode.swift; path = CustomTextFIeld.swift; sourceTree = "<group>"; };
		FF3B26EE1FF5813700AA026B /* AuthService.swift */ = {isa = PBXFileReference; lastKnownFileType = sourcecode.swift; path = AuthService.swift; sourceTree = "<group>"; };
		FF40AD991FF4295F00B53C98 /* Smack.app */ = {isa = PBXFileReference; explicitFileType = wrapper.application; includeInIndex = 0; path = Smack.app; sourceTree = BUILT_PRODUCTS_DIR; };
		FF40AD9C1FF4295F00B53C98 /* AppDelegate.swift */ = {isa = PBXFileReference; lastKnownFileType = sourcecode.swift; path = AppDelegate.swift; sourceTree = "<group>"; };
		FF40ADA11FF4295F00B53C98 /* Base */ = {isa = PBXFileReference; lastKnownFileType = file.storyboard; name = Base; path = Base.lproj/Main.storyboard; sourceTree = "<group>"; };
		FF40ADA31FF4295F00B53C98 /* Assets.xcassets */ = {isa = PBXFileReference; lastKnownFileType = folder.assetcatalog; path = Assets.xcassets; sourceTree = "<group>"; };
		FF40ADA61FF4295F00B53C98 /* Base */ = {isa = PBXFileReference; lastKnownFileType = file.storyboard; name = Base; path = Base.lproj/LaunchScreen.storyboard; sourceTree = "<group>"; };
		FF40ADA81FF4295F00B53C98 /* Info.plist */ = {isa = PBXFileReference; lastKnownFileType = text.plist.xml; path = Info.plist; sourceTree = "<group>"; };
		FF40ADAF1FF42FD800B53C98 /* Smack-Bridging-Header.h */ = {isa = PBXFileReference; lastKnownFileType = sourcecode.c.h; path = "Smack-Bridging-Header.h"; sourceTree = "<group>"; };
		FF40ADB01FF42FDA00B53C98 /* SWRevealViewController.h */ = {isa = PBXFileReference; fileEncoding = 4; lastKnownFileType = sourcecode.c.h; path = SWRevealViewController.h; sourceTree = "<group>"; };
		FF40ADB11FF42FDA00B53C98 /* SWRevealViewController.m */ = {isa = PBXFileReference; fileEncoding = 4; lastKnownFileType = sourcecode.c.objc; path = SWRevealViewController.m; sourceTree = "<group>"; };
		FF40ADB61FF439BA00B53C98 /* ChatVC.swift */ = {isa = PBXFileReference; lastKnownFileType = sourcecode.swift; path = ChatVC.swift; sourceTree = "<group>"; };
		FF40ADB81FF439D000B53C98 /* ChannelVC.swift */ = {isa = PBXFileReference; lastKnownFileType = sourcecode.swift; path = ChannelVC.swift; sourceTree = "<group>"; };
		FF7A33CA1FFD6A28009A0F4E /* UserDataService.swift */ = {isa = PBXFileReference; lastKnownFileType = sourcecode.swift; path = UserDataService.swift; sourceTree = "<group>"; };
		FF7A33CC1FFD92B7009A0F4E /* AvatarPickerVC.swift */ = {isa = PBXFileReference; lastKnownFileType = sourcecode.swift; path = AvatarPickerVC.swift; sourceTree = "<group>"; };
		FF7A33CE1FFD9675009A0F4E /* AvatarCell.swift */ = {isa = PBXFileReference; lastKnownFileType = sourcecode.swift; path = AvatarCell.swift; sourceTree = "<group>"; };
		FF7A33D01FFEDF90009A0F4E /* CircleImage.swift */ = {isa = PBXFileReference; lastKnownFileType = sourcecode.swift; path = CircleImage.swift; sourceTree = "<group>"; };
/* End PBXFileReference section */

/* Begin PBXFrameworksBuildPhase section */
		FF40AD961FF4295F00B53C98 /* Frameworks */ = {
			isa = PBXFrameworksBuildPhase;
			buildActionMask = 2147483647;
			files = (
				E135774BC7F46711D1EC6F1B /* Pods_Smack.framework in Frameworks */,
			);
			runOnlyForDeploymentPostprocessing = 0;
		};
/* End PBXFrameworksBuildPhase section */

/* Begin PBXGroup section */
		5B0D2F34280AFD5CCB7BE2CE /* Frameworks */ = {
			isa = PBXGroup;
			children = (
				D1659BB7E0F6F322A23B4C4E /* Pods_Smack.framework */,
			);
			name = Frameworks;
			sourceTree = "<group>";
		};
		5D953074A273FAE23E823905 /* Pods */ = {
			isa = PBXGroup;
			children = (
				3FD520F0EC596D15221EE00E /* Pods-Smack.debug.xcconfig */,
				6C8B1847DE6672584D963674 /* Pods-Smack.release.xcconfig */,
			);
			name = Pods;
			sourceTree = "<group>";
		};
		FF3B26E01FF46ACC00AA026B /* Utilities */ = {
			isa = PBXGroup;
			children = (
				FF3B26E11FF46AE100AA026B /* Constants.swift */,
			);
			path = Utilities;
			sourceTree = "<group>";
		};
		FF3B26ED1FF5811500AA026B /* Services */ = {
			isa = PBXGroup;
			children = (
				FF3B26EE1FF5813700AA026B /* AuthService.swift */,
				FF7A33CA1FFD6A28009A0F4E /* UserDataService.swift */,
			);
			path = Services;
			sourceTree = "<group>";
		};
		FF40AD901FF4295F00B53C98 = {
			isa = PBXGroup;
			children = (
				FF40AD9B1FF4295F00B53C98 /* Smack */,
				FF40AD9A1FF4295F00B53C98 /* Products */,
				5D953074A273FAE23E823905 /* Pods */,
				5B0D2F34280AFD5CCB7BE2CE /* Frameworks */,
			);
			sourceTree = "<group>";
		};
		FF40AD9A1FF4295F00B53C98 /* Products */ = {
			isa = PBXGroup;
			children = (
				FF40AD991FF4295F00B53C98 /* Smack.app */,
			);
			name = Products;
			sourceTree = "<group>";
		};
		FF40AD9B1FF4295F00B53C98 /* Smack */ = {
			isa = PBXGroup;
			children = (
				FF3B26ED1FF5811500AA026B /* Services */,
				FF3B26E01FF46ACC00AA026B /* Utilities */,
				FF40ADB51FF4397B00B53C98 /* Model */,
				FF40ADB41FF4397500B53C98 /* View */,
				FF40ADB31FF4396D00B53C98 /* Controller */,
				FF40ADAE1FF42F9E00B53C98 /* Supporting FIles */,
				FF40AD9C1FF4295F00B53C98 /* AppDelegate.swift */,
				FF40ADA01FF4295F00B53C98 /* Main.storyboard */,
				FF40ADA31FF4295F00B53C98 /* Assets.xcassets */,
				FF40ADA51FF4295F00B53C98 /* LaunchScreen.storyboard */,
				FF40ADA81FF4295F00B53C98 /* Info.plist */,
			);
			path = Smack;
			sourceTree = "<group>";
		};
		FF40ADAE1FF42F9E00B53C98 /* Supporting FIles */ = {
			isa = PBXGroup;
			children = (
				FF40ADB01FF42FDA00B53C98 /* SWRevealViewController.h */,
				FF40ADB11FF42FDA00B53C98 /* SWRevealViewController.m */,
				FF40ADAF1FF42FD800B53C98 /* Smack-Bridging-Header.h */,
			);
			path = "Supporting FIles";
			sourceTree = "<group>";
		};
		FF40ADB31FF4396D00B53C98 /* Controller */ = {
			isa = PBXGroup;
			children = (
				FF40ADB61FF439BA00B53C98 /* ChatVC.swift */,
				FF40ADB81FF439D000B53C98 /* ChannelVC.swift */,
				FF3B26E51FF533A400AA026B /* LoginVC.swift */,
				FF3B26E71FF5387C00AA026B /* SignUpVC.swift */,
				FF7A33CC1FFD92B7009A0F4E /* AvatarPickerVC.swift */,
			);
			path = Controller;
			sourceTree = "<group>";
		};
		FF40ADB41FF4397500B53C98 /* View */ = {
			isa = PBXGroup;
			children = (
				FF3B26DE1FF4582700AA026B /* GradientView.swift */,
				FF3B26E91FF53C2E00AA026B /* CustomButton.swift */,
				FF3B26EB1FF53D8300AA026B /* CustomTextFIeld.swift */,
				FF7A33CE1FFD9675009A0F4E /* AvatarCell.swift */,
				FF7A33D01FFEDF90009A0F4E /* CircleImage.swift */,
			);
			path = View;
			sourceTree = "<group>";
		};
		FF40ADB51FF4397B00B53C98 /* Model */ = {
			isa = PBXGroup;
			children = (
			);
			path = Model;
			sourceTree = "<group>";
		};
/* End PBXGroup section */

/* Begin PBXNativeTarget section */
		FF40AD981FF4295F00B53C98 /* Smack */ = {
			isa = PBXNativeTarget;
			buildConfigurationList = FF40ADAB1FF4295F00B53C98 /* Build configuration list for PBXNativeTarget "Smack" */;
			buildPhases = (
				25520102B2F8DD91BF067110 /* [CP] Check Pods Manifest.lock */,
				FF40AD951FF4295F00B53C98 /* Sources */,
				FF40AD961FF4295F00B53C98 /* Frameworks */,
				FF40AD971FF4295F00B53C98 /* Resources */,
				EFDB37608CA524A141910973 /* [CP] Embed Pods Frameworks */,
				FD0876BEB97961C896C5EA74 /* [CP] Copy Pods Resources */,
			);
			buildRules = (
			);
			dependencies = (
			);
			name = Smack;
			productName = Smack;
			productReference = FF40AD991FF4295F00B53C98 /* Smack.app */;
			productType = "com.apple.product-type.application";
		};
/* End PBXNativeTarget section */

/* Begin PBXProject section */
		FF40AD911FF4295F00B53C98 /* Project object */ = {
			isa = PBXProject;
			attributes = {
				LastSwiftUpdateCheck = 0920;
				LastUpgradeCheck = 0920;
				ORGANIZATIONNAME = satkis;
				TargetAttributes = {
					FF40AD981FF4295F00B53C98 = {
						CreatedOnToolsVersion = 9.2;
						LastSwiftMigration = 0920;
						ProvisioningStyle = Automatic;
					};
				};
			};
			buildConfigurationList = FF40AD941FF4295F00B53C98 /* Build configuration list for PBXProject "Smack" */;
			compatibilityVersion = "Xcode 8.0";
			developmentRegion = en;
			hasScannedForEncodings = 0;
			knownRegions = (
				en,
				Base,
			);
			mainGroup = FF40AD901FF4295F00B53C98;
			productRefGroup = FF40AD9A1FF4295F00B53C98 /* Products */;
			projectDirPath = "";
			projectRoot = "";
			targets = (
				FF40AD981FF4295F00B53C98 /* Smack */,
			);
		};
/* End PBXProject section */

/* Begin PBXResourcesBuildPhase section */
		FF40AD971FF4295F00B53C98 /* Resources */ = {
			isa = PBXResourcesBuildPhase;
			buildActionMask = 2147483647;
			files = (
				FF40ADA71FF4295F00B53C98 /* LaunchScreen.storyboard in Resources */,
				FF40ADA41FF4295F00B53C98 /* Assets.xcassets in Resources */,
				FF40ADA21FF4295F00B53C98 /* Main.storyboard in Resources */,
			);
			runOnlyForDeploymentPostprocessing = 0;
		};
/* End PBXResourcesBuildPhase section */

/* Begin PBXShellScriptBuildPhase section */
		25520102B2F8DD91BF067110 /* [CP] Check Pods Manifest.lock */ = {
			isa = PBXShellScriptBuildPhase;
			buildActionMask = 2147483647;
			files = (
			);
			inputPaths = (
			);
			name = "[CP] Check Pods Manifest.lock";
			outputPaths = (
			);
			runOnlyForDeploymentPostprocessing = 0;
			shellPath = /bin/sh;
			shellScript = "diff \"${PODS_ROOT}/../Podfile.lock\" \"${PODS_ROOT}/Manifest.lock\" > /dev/null\nif [ $? != 0 ] ; then\n    # print error to STDERR\n    echo \"error: The sandbox is not in sync with the Podfile.lock. Run 'pod install' or update your CocoaPods installation.\" >&2\n    exit 1\nfi\n";
			showEnvVarsInLog = 0;
		};
		EFDB37608CA524A141910973 /* [CP] Embed Pods Frameworks */ = {
			isa = PBXShellScriptBuildPhase;
			buildActionMask = 2147483647;
			files = (
			);
			inputPaths = (
			);
			name = "[CP] Embed Pods Frameworks";
			outputPaths = (
			);
			runOnlyForDeploymentPostprocessing = 0;
			shellPath = /bin/sh;
			shellScript = "\"${SRCROOT}/Pods/Target Support Files/Pods-Smack/Pods-Smack-frameworks.sh\"\n";
			showEnvVarsInLog = 0;
		};
		FD0876BEB97961C896C5EA74 /* [CP] Copy Pods Resources */ = {
			isa = PBXShellScriptBuildPhase;
			buildActionMask = 2147483647;
			files = (
			);
			inputPaths = (
			);
			name = "[CP] Copy Pods Resources";
			outputPaths = (
			);
			runOnlyForDeploymentPostprocessing = 0;
			shellPath = /bin/sh;
			shellScript = "\"${SRCROOT}/Pods/Target Support Files/Pods-Smack/Pods-Smack-resources.sh\"\n";
			showEnvVarsInLog = 0;
		};
/* End PBXShellScriptBuildPhase section */

/* Begin PBXSourcesBuildPhase section */
		FF40AD951FF4295F00B53C98 /* Sources */ = {
			isa = PBXSourcesBuildPhase;
			buildActionMask = 2147483647;
			files = (
				FF3B26E81FF5387C00AA026B /* SignUpVC.swift in Sources */,
				FF40ADB91FF439D000B53C98 /* ChannelVC.swift in Sources */,
				FF7A33CF1FFD9675009A0F4E /* AvatarCell.swift in Sources */,
				FF3B26EC1FF53D8300AA026B /* CustomTextFIeld.swift in Sources */,
				FF3B26EA1FF53C2E00AA026B /* CustomButton.swift in Sources */,
				FF40ADB71FF439BA00B53C98 /* ChatVC.swift in Sources */,
				FF3B26EF1FF5813700AA026B /* AuthService.swift in Sources */,
				FF7A33CB1FFD6A28009A0F4E /* UserDataService.swift in Sources */,
				FF3B26E61FF533A400AA026B /* LoginVC.swift in Sources */,
				FF3B26DF1FF4582700AA026B /* GradientView.swift in Sources */,
				FF40AD9D1FF4295F00B53C98 /* AppDelegate.swift in Sources */,
				FF7A33CD1FFD92B7009A0F4E /* AvatarPickerVC.swift in Sources */,
				FF40ADB21FF42FDA00B53C98 /* SWRevealViewController.m in Sources */,
				FF3B26E21FF46AE100AA026B /* Constants.swift in Sources */,
				FF7A33D11FFEDF90009A0F4E /* CircleImage.swift in Sources */,
			);
			runOnlyForDeploymentPostprocessing = 0;
		};
/* End PBXSourcesBuildPhase section */

/* Begin PBXVariantGroup section */
		FF40ADA01FF4295F00B53C98 /* Main.storyboard */ = {
			isa = PBXVariantGroup;
			children = (
				FF40ADA11FF4295F00B53C98 /* Base */,
			);
			name = Main.storyboard;
			sourceTree = "<group>";
		};
		FF40ADA51FF4295F00B53C98 /* LaunchScreen.storyboard */ = {
			isa = PBXVariantGroup;
			children = (
				FF40ADA61FF4295F00B53C98 /* Base */,
			);
			name = LaunchScreen.storyboard;
			sourceTree = "<group>";
		};
/* End PBXVariantGroup section */

/* Begin XCBuildConfiguration section */
		FF40ADA91FF4295F00B53C98 /* Debug */ = {
			isa = XCBuildConfiguration;
			buildSettings = {
				ALWAYS_SEARCH_USER_PATHS = NO;
				CLANG_ANALYZER_NONNULL = YES;
				CLANG_ANALYZER_NUMBER_OBJECT_CONVERSION = YES_AGGRESSIVE;
				CLANG_CXX_LANGUAGE_STANDARD = "gnu++14";
				CLANG_CXX_LIBRARY = "libc++";
				CLANG_ENABLE_MODULES = YES;
				CLANG_ENABLE_OBJC_ARC = YES;
				CLANG_WARN_BLOCK_CAPTURE_AUTORELEASING = YES;
				CLANG_WARN_BOOL_CONVERSION = YES;
				CLANG_WARN_COMMA = YES;
				CLANG_WARN_CONSTANT_CONVERSION = YES;
				CLANG_WARN_DIRECT_OBJC_ISA_USAGE = YES_ERROR;
				CLANG_WARN_DOCUMENTATION_COMMENTS = YES;
				CLANG_WARN_EMPTY_BODY = YES;
				CLANG_WARN_ENUM_CONVERSION = YES;
				CLANG_WARN_INFINITE_RECURSION = YES;
				CLANG_WARN_INT_CONVERSION = YES;
				CLANG_WARN_NON_LITERAL_NULL_CONVERSION = YES;
				CLANG_WARN_OBJC_LITERAL_CONVERSION = YES;
				CLANG_WARN_OBJC_ROOT_CLASS = YES_ERROR;
				CLANG_WARN_RANGE_LOOP_ANALYSIS = YES;
				CLANG_WARN_STRICT_PROTOTYPES = YES;
				CLANG_WARN_SUSPICIOUS_MOVE = YES;
				CLANG_WARN_UNGUARDED_AVAILABILITY = YES_AGGRESSIVE;
				CLANG_WARN_UNREACHABLE_CODE = YES;
				CLANG_WARN__DUPLICATE_METHOD_MATCH = YES;
				CODE_SIGN_IDENTITY = "iPhone Developer";
				COPY_PHASE_STRIP = NO;
				DEBUG_INFORMATION_FORMAT = dwarf;
				ENABLE_STRICT_OBJC_MSGSEND = YES;
				ENABLE_TESTABILITY = YES;
				GCC_C_LANGUAGE_STANDARD = gnu11;
				GCC_DYNAMIC_NO_PIC = NO;
				GCC_NO_COMMON_BLOCKS = YES;
				GCC_OPTIMIZATION_LEVEL = 0;
				GCC_PREPROCESSOR_DEFINITIONS = (
					"DEBUG=1",
					"$(inherited)",
				);
				GCC_WARN_64_TO_32_BIT_CONVERSION = YES;
				GCC_WARN_ABOUT_RETURN_TYPE = YES_ERROR;
				GCC_WARN_UNDECLARED_SELECTOR = YES;
				GCC_WARN_UNINITIALIZED_AUTOS = YES_AGGRESSIVE;
				GCC_WARN_UNUSED_FUNCTION = YES;
				GCC_WARN_UNUSED_VARIABLE = YES;
				IPHONEOS_DEPLOYMENT_TARGET = 11.2;
				MTL_ENABLE_DEBUG_INFO = YES;
				ONLY_ACTIVE_ARCH = YES;
				SDKROOT = iphoneos;
				SWIFT_ACTIVE_COMPILATION_CONDITIONS = DEBUG;
				SWIFT_OPTIMIZATION_LEVEL = "-Onone";
			};
			name = Debug;
		};
		FF40ADAA1FF4295F00B53C98 /* Release */ = {
			isa = XCBuildConfiguration;
			buildSettings = {
				ALWAYS_SEARCH_USER_PATHS = NO;
				CLANG_ANALYZER_NONNULL = YES;
				CLANG_ANALYZER_NUMBER_OBJECT_CONVERSION = YES_AGGRESSIVE;
				CLANG_CXX_LANGUAGE_STANDARD = "gnu++14";
				CLANG_CXX_LIBRARY = "libc++";
				CLANG_ENABLE_MODULES = YES;
				CLANG_ENABLE_OBJC_ARC = YES;
				CLANG_WARN_BLOCK_CAPTURE_AUTORELEASING = YES;
				CLANG_WARN_BOOL_CONVERSION = YES;
				CLANG_WARN_COMMA = YES;
				CLANG_WARN_CONSTANT_CONVERSION = YES;
				CLANG_WARN_DIRECT_OBJC_ISA_USAGE = YES_ERROR;
				CLANG_WARN_DOCUMENTATION_COMMENTS = YES;
				CLANG_WARN_EMPTY_BODY = YES;
				CLANG_WARN_ENUM_CONVERSION = YES;
				CLANG_WARN_INFINITE_RECURSION = YES;
				CLANG_WARN_INT_CONVERSION = YES;
				CLANG_WARN_NON_LITERAL_NULL_CONVERSION = YES;
				CLANG_WARN_OBJC_LITERAL_CONVERSION = YES;
				CLANG_WARN_OBJC_ROOT_CLASS = YES_ERROR;
				CLANG_WARN_RANGE_LOOP_ANALYSIS = YES;
				CLANG_WARN_STRICT_PROTOTYPES = YES;
				CLANG_WARN_SUSPICIOUS_MOVE = YES;
				CLANG_WARN_UNGUARDED_AVAILABILITY = YES_AGGRESSIVE;
				CLANG_WARN_UNREACHABLE_CODE = YES;
				CLANG_WARN__DUPLICATE_METHOD_MATCH = YES;
				CODE_SIGN_IDENTITY = "iPhone Developer";
				COPY_PHASE_STRIP = NO;
				DEBUG_INFORMATION_FORMAT = "dwarf-with-dsym";
				ENABLE_NS_ASSERTIONS = NO;
				ENABLE_STRICT_OBJC_MSGSEND = YES;
				GCC_C_LANGUAGE_STANDARD = gnu11;
				GCC_NO_COMMON_BLOCKS = YES;
				GCC_WARN_64_TO_32_BIT_CONVERSION = YES;
				GCC_WARN_ABOUT_RETURN_TYPE = YES_ERROR;
				GCC_WARN_UNDECLARED_SELECTOR = YES;
				GCC_WARN_UNINITIALIZED_AUTOS = YES_AGGRESSIVE;
				GCC_WARN_UNUSED_FUNCTION = YES;
				GCC_WARN_UNUSED_VARIABLE = YES;
				IPHONEOS_DEPLOYMENT_TARGET = 11.2;
				MTL_ENABLE_DEBUG_INFO = NO;
				SDKROOT = iphoneos;
				SWIFT_OPTIMIZATION_LEVEL = "-Owholemodule";
				VALIDATE_PRODUCT = YES;
			};
			name = Release;
		};
		FF40ADAC1FF4295F00B53C98 /* Debug */ = {
			isa = XCBuildConfiguration;
			baseConfigurationReference = 3FD520F0EC596D15221EE00E /* Pods-Smack.debug.xcconfig */;
			buildSettings = {
				ASSETCATALOG_COMPILER_APPICON_NAME = AppIcon;
				CLANG_ENABLE_MODULES = YES;
				CODE_SIGN_STYLE = Automatic;
				DEVELOPMENT_TEAM = 9ZDCKVQE83;
				INFOPLIST_FILE = Smack/Info.plist;
				LD_RUNPATH_SEARCH_PATHS = "$(inherited) @executable_path/Frameworks";
				PRODUCT_BUNDLE_IDENTIFIER = com.satkis.Smack;
				PRODUCT_NAME = "$(TARGET_NAME)";
				SWIFT_OBJC_BRIDGING_HEADER = "Smack/Supporting FIles/Smack-Bridging-Header.h";
				SWIFT_OPTIMIZATION_LEVEL = "-Onone";
				SWIFT_VERSION = 4.0;
				TARGETED_DEVICE_FAMILY = "1,2";
			};
			name = Debug;
		};
		FF40ADAD1FF4295F00B53C98 /* Release */ = {
			isa = XCBuildConfiguration;
			baseConfigurationReference = 6C8B1847DE6672584D963674 /* Pods-Smack.release.xcconfig */;
			buildSettings = {
				ASSETCATALOG_COMPILER_APPICON_NAME = AppIcon;
				CLANG_ENABLE_MODULES = YES;
				CODE_SIGN_STYLE = Automatic;
				DEVELOPMENT_TEAM = 9ZDCKVQE83;
				INFOPLIST_FILE = Smack/Info.plist;
				LD_RUNPATH_SEARCH_PATHS = "$(inherited) @executable_path/Frameworks";
				PRODUCT_BUNDLE_IDENTIFIER = com.satkis.Smack;
				PRODUCT_NAME = "$(TARGET_NAME)";
				SWIFT_OBJC_BRIDGING_HEADER = "Smack/Supporting FIles/Smack-Bridging-Header.h";
				SWIFT_VERSION = 4.0;
				TARGETED_DEVICE_FAMILY = "1,2";
			};
			name = Release;
		};
/* End XCBuildConfiguration section */

/* Begin XCConfigurationList section */
		FF40AD941FF4295F00B53C98 /* Build configuration list for PBXProject "Smack" */ = {
			isa = XCConfigurationList;
			buildConfigurations = (
				FF40ADA91FF4295F00B53C98 /* Debug */,
				FF40ADAA1FF4295F00B53C98 /* Release */,
			);
			defaultConfigurationIsVisible = 0;
			defaultConfigurationName = Release;
		};
		FF40ADAB1FF4295F00B53C98 /* Build configuration list for PBXNativeTarget "Smack" */ = {
			isa = XCConfigurationList;
			buildConfigurations = (
				FF40ADAC1FF4295F00B53C98 /* Debug */,
				FF40ADAD1FF4295F00B53C98 /* Release */,
			);
			defaultConfigurationIsVisible = 0;
			defaultConfigurationName = Release;
		};
/* End XCConfigurationList section */
	};
	rootObject = FF40AD911FF4295F00B53C98 /* Project object */;
}
